{
  "name": "tokenmesh-lib",
  "version": "0.2.1",
  "lockfileVersion": 3,
  "requires": true,
  "packages": {
    "": {
      "name": "tokenmesh-lib",
      "version": "0.2.1",
      "license": "MIT",
      "dependencies": {
        "tokenmesh-lib": "^0.2.1"
      },
      "engines": {
        "node": ">=16.0.0"
      }
    },
    "node_modules/tokenmesh-lib": {
      "version": "0.2.1",
      "resolved": "https://registry.npmjs.org/tokenmesh-lib/-/tokenmesh-lib-0.2.1.tgz",
      "integrity": "sha512-+QBWoLFqSm5nUkV1lSQEmCIN/J2PE8zJWNG8qPEaDlaWhI4HV0WDQlmBQ0+D7vJFk8GxG/41htT43MPuy9Ur4A==",
      "license": "MIT",
      "engines": {
        "node": ">=16.0.0"
      }
    }
  }
}
